// !$*UTF8*$!
{
	archiveVersion = 1;
	classes = {
	};
	objectVersion = 56;
	objects = {

/* Begin PBXBuildFile section */
		771EE56D2AF2533A005E8003 /* TouchdownApp.swift in Sources */ = {isa = PBXBuildFile; fileRef = 771EE56C2AF2533A005E8003 /* TouchdownApp.swift */; };
		771EE56F2AF2533A005E8003 /* MainScreen.swift in Sources */ = {isa = PBXBuildFile; fileRef = 771EE56E2AF2533A005E8003 /* MainScreen.swift */; };
		771EE5712AF2533B005E8003 /* Assets.xcassets in Resources */ = {isa = PBXBuildFile; fileRef = 771EE5702AF2533B005E8003 /* Assets.xcassets */; };
		771EE5742AF2533B005E8003 /* Preview Assets.xcassets in Resources */ = {isa = PBXBuildFile; fileRef = 771EE5732AF2533B005E8003 /* Preview Assets.xcassets */; };
		771EE5862AF25592005E8003 /* Constant.swift in Sources */ = {isa = PBXBuildFile; fileRef = 771EE5852AF25592005E8003 /* Constant.swift */; };
		771EE5882AF256AA005E8003 /* FooterView.swift in Sources */ = {isa = PBXBuildFile; fileRef = 771EE5872AF256AA005E8003 /* FooterView.swift */; };
		771EE58A2AF25A8B005E8003 /* NavigationBarView.swift in Sources */ = {isa = PBXBuildFile; fileRef = 771EE5892AF25A8B005E8003 /* NavigationBarView.swift */; };
		771EE58C2AF25BC3005E8003 /* LogoView.swift in Sources */ = {isa = PBXBuildFile; fileRef = 771EE58B2AF25BC3005E8003 /* LogoView.swift */; };
		775243B22AF4FCA9008F8C43 /* Extension.swift in Sources */ = {isa = PBXBuildFile; fileRef = 775243B12AF4FCA9008F8C43 /* Extension.swift */; };
		775243B42AF4FD52008F8C43 /* PlayerModel.swift in Sources */ = {isa = PBXBuildFile; fileRef = 775243B32AF4FD52008F8C43 /* PlayerModel.swift */; };
		775243B62AF4FD86008F8C43 /* CodableBundleExtension.swift in Sources */ = {isa = PBXBuildFile; fileRef = 775243B52AF4FD86008F8C43 /* CodableBundleExtension.swift */; };
		775243B82AF4FFEA008F8C43 /* FeaturedItemView.swift in Sources */ = {isa = PBXBuildFile; fileRef = 775243B72AF4FFEA008F8C43 /* FeaturedItemView.swift */; };
		775243BE2AF50159008F8C43 /* category.json in Resources */ = {isa = PBXBuildFile; fileRef = 775243BA2AF50159008F8C43 /* category.json */; };
		775243BF2AF50159008F8C43 /* player.json in Resources */ = {isa = PBXBuildFile; fileRef = 775243BB2AF50159008F8C43 /* player.json */; };
		775243C02AF50159008F8C43 /* product.json in Resources */ = {isa = PBXBuildFile; fileRef = 775243BC2AF50159008F8C43 /* product.json */; };
		775243C12AF50159008F8C43 /* brand.json in Resources */ = {isa = PBXBuildFile; fileRef = 775243BD2AF50159008F8C43 /* brand.json */; };
		775243C32AF501E1008F8C43 /* FeaturedTabView.swift in Sources */ = {isa = PBXBuildFile; fileRef = 775243C22AF501E1008F8C43 /* FeaturedTabView.swift */; };
		775C0F0F2AF8EB160069701A /* CategoryModel.swift in Sources */ = {isa = PBXBuildFile; fileRef = 775C0F0E2AF8EB160069701A /* CategoryModel.swift */; };
		775C0F112AF8EE290069701A /* CategoryItemView.swift in Sources */ = {isa = PBXBuildFile; fileRef = 775C0F102AF8EE290069701A /* CategoryItemView.swift */; };
		775C0F132AF8F1780069701A /* CategoryGridView.swift in Sources */ = {isa = PBXBuildFile; fileRef = 775C0F122AF8F1780069701A /* CategoryGridView.swift */; };
		775C0F152AF8F39B0069701A /* SectionItemView.swift in Sources */ = {isa = PBXBuildFile; fileRef = 775C0F142AF8F39B0069701A /* SectionItemView.swift */; };
/* End PBXBuildFile section */

/* Begin PBXFileReference section */
		771EE5692AF2533A005E8003 /* Touchdown.app */ = {isa = PBXFileReference; explicitFileType = wrapper.application; includeInIndex = 0; path = Touchdown.app; sourceTree = BUILT_PRODUCTS_DIR; };
		771EE56C2AF2533A005E8003 /* TouchdownApp.swift */ = {isa = PBXFileReference; lastKnownFileType = sourcecode.swift; path = TouchdownApp.swift; sourceTree = "<group>"; };
		771EE56E2AF2533A005E8003 /* MainScreen.swift */ = {isa = PBXFileReference; lastKnownFileType = sourcecode.swift; path = MainScreen.swift; sourceTree = "<group>"; };
		771EE5702AF2533B005E8003 /* Assets.xcassets */ = {isa = PBXFileReference; lastKnownFileType = folder.assetcatalog; path = Assets.xcassets; sourceTree = "<group>"; };
		771EE5732AF2533B005E8003 /* Preview Assets.xcassets */ = {isa = PBXFileReference; lastKnownFileType = folder.assetcatalog; path = "Preview Assets.xcassets"; sourceTree = "<group>"; };
		771EE5752AF2533B005E8003 /* Touchdown.entitlements */ = {isa = PBXFileReference; lastKnownFileType = text.plist.entitlements; path = Touchdown.entitlements; sourceTree = "<group>"; };
		771EE57D2AF2545C005E8003 /* Info.plist */ = {isa = PBXFileReference; lastKnownFileType = text.plist; path = Info.plist; sourceTree = "<group>"; };
		771EE5852AF25592005E8003 /* Constant.swift */ = {isa = PBXFileReference; lastKnownFileType = sourcecode.swift; path = Constant.swift; sourceTree = "<group>"; };
		771EE5872AF256AA005E8003 /* FooterView.swift */ = {isa = PBXFileReference; lastKnownFileType = sourcecode.swift; path = FooterView.swift; sourceTree = "<group>"; };
		771EE5892AF25A8B005E8003 /* NavigationBarView.swift */ = {isa = PBXFileReference; lastKnownFileType = sourcecode.swift; path = NavigationBarView.swift; sourceTree = "<group>"; };
		771EE58B2AF25BC3005E8003 /* LogoView.swift */ = {isa = PBXFileReference; lastKnownFileType = sourcecode.swift; path = LogoView.swift; sourceTree = "<group>"; };
		775243B12AF4FCA9008F8C43 /* Extension.swift */ = {isa = PBXFileReference; lastKnownFileType = sourcecode.swift; path = Extension.swift; sourceTree = "<group>"; };
		775243B32AF4FD52008F8C43 /* PlayerModel.swift */ = {isa = PBXFileReference; lastKnownFileType = sourcecode.swift; path = PlayerModel.swift; sourceTree = "<group>"; };
		775243B52AF4FD86008F8C43 /* CodableBundleExtension.swift */ = {isa = PBXFileReference; lastKnownFileType = sourcecode.swift; path = CodableBundleExtension.swift; sourceTree = "<group>"; };
		775243B72AF4FFEA008F8C43 /* FeaturedItemView.swift */ = {isa = PBXFileReference; lastKnownFileType = sourcecode.swift; path = FeaturedItemView.swift; sourceTree = "<group>"; };
		775243BA2AF50159008F8C43 /* category.json */ = {isa = PBXFileReference; fileEncoding = 4; lastKnownFileType = text.json; path = category.json; sourceTree = "<group>"; };
		775243BB2AF50159008F8C43 /* player.json */ = {isa = PBXFileReference; fileEncoding = 4; lastKnownFileType = text.json; path = player.json; sourceTree = "<group>"; };
		775243BC2AF50159008F8C43 /* product.json */ = {isa = PBXFileReference; fileEncoding = 4; lastKnownFileType = text.json; path = product.json; sourceTree = "<group>"; };
		775243BD2AF50159008F8C43 /* brand.json */ = {isa = PBXFileReference; fileEncoding = 4; lastKnownFileType = text.json; path = brand.json; sourceTree = "<group>"; };
		775243C22AF501E1008F8C43 /* FeaturedTabView.swift */ = {isa = PBXFileReference; lastKnownFileType = sourcecode.swift; path = FeaturedTabView.swift; sourceTree = "<group>"; };
		775C0F0E2AF8EB160069701A /* CategoryModel.swift */ = {isa = PBXFileReference; lastKnownFileType = sourcecode.swift; path = CategoryModel.swift; sourceTree = "<group>"; };
		775C0F102AF8EE290069701A /* CategoryItemView.swift */ = {isa = PBXFileReference; lastKnownFileType = sourcecode.swift; path = CategoryItemView.swift; sourceTree = "<group>"; };
		775C0F122AF8F1780069701A /* CategoryGridView.swift */ = {isa = PBXFileReference; lastKnownFileType = sourcecode.swift; path = CategoryGridView.swift; sourceTree = "<group>"; };
		775C0F142AF8F39B0069701A /* SectionItemView.swift */ = {isa = PBXFileReference; lastKnownFileType = sourcecode.swift; path = SectionItemView.swift; sourceTree = "<group>"; };
/* End PBXFileReference section */

/* Begin PBXFrameworksBuildPhase section */
		771EE5662AF2533A005E8003 /* Frameworks */ = {
			isa = PBXFrameworksBuildPhase;
			buildActionMask = 2147483647;
			files = (
			);
			runOnlyForDeploymentPostprocessing = 0;
		};
/* End PBXFrameworksBuildPhase section */

/* Begin PBXGroup section */
		771EE5602AF2533A005E8003 = {
			isa = PBXGroup;
			children = (
				771EE56B2AF2533A005E8003 /* Touchdown */,
				771EE56A2AF2533A005E8003 /* Products */,
			);
			sourceTree = "<group>";
		};
		771EE56A2AF2533A005E8003 /* Products */ = {
			isa = PBXGroup;
			children = (
				771EE5692AF2533A005E8003 /* Touchdown.app */,
			);
			name = Products;
			sourceTree = "<group>";
		};
		771EE56B2AF2533A005E8003 /* Touchdown */ = {
			isa = PBXGroup;
			children = (
				775243B92AF5014A008F8C43 /* NewData */,
				771EE57E2AF2549A005E8003 /* App */,
				771EE57F2AF254AB005E8003 /* View */,
				771EE5822AF254E1005E8003 /* Model */,
				771EE5842AF254F1005E8003 /* Utility */,
				771EE5832AF254E6005E8003 /* Extension */,
				771EE57D2AF2545C005E8003 /* Info.plist */,
				771EE5702AF2533B005E8003 /* Assets.xcassets */,
				771EE5752AF2533B005E8003 /* Touchdown.entitlements */,
				771EE5722AF2533B005E8003 /* Preview Content */,
			);
			path = Touchdown;
			sourceTree = "<group>";
		};
		771EE5722AF2533B005E8003 /* Preview Content */ = {
			isa = PBXGroup;
			children = (
				771EE5732AF2533B005E8003 /* Preview Assets.xcassets */,
			);
			path = "Preview Content";
			sourceTree = "<group>";
		};
		771EE57E2AF2549A005E8003 /* App */ = {
			isa = PBXGroup;
			children = (
				771EE56C2AF2533A005E8003 /* TouchdownApp.swift */,
				771EE56E2AF2533A005E8003 /* MainScreen.swift */,
			);
			path = App;
			sourceTree = "<group>";
		};
		771EE57F2AF254AB005E8003 /* View */ = {
			isa = PBXGroup;
			children = (
				771EE5812AF254C1005E8003 /* Home */,
				771EE5802AF254B6005E8003 /* Detail */,
			);
			path = View;
			sourceTree = "<group>";
		};
		771EE5802AF254B6005E8003 /* Detail */ = {
			isa = PBXGroup;
			children = (
			);
			path = Detail;
			sourceTree = "<group>";
		};
		771EE5812AF254C1005E8003 /* Home */ = {
			isa = PBXGroup;
			children = (
				775243B72AF4FFEA008F8C43 /* FeaturedItemView.swift */,
				771EE5872AF256AA005E8003 /* FooterView.swift */,
				771EE5892AF25A8B005E8003 /* NavigationBarView.swift */,
				771EE58B2AF25BC3005E8003 /* LogoView.swift */,
				775243C22AF501E1008F8C43 /* FeaturedTabView.swift */,
				775C0F102AF8EE290069701A /* CategoryItemView.swift */,
				775C0F122AF8F1780069701A /* CategoryGridView.swift */,
				775C0F142AF8F39B0069701A /* SectionItemView.swift */,
			);
			path = Home;
			sourceTree = "<group>";
		};
		771EE5822AF254E1005E8003 /* Model */ = {
			isa = PBXGroup;
			children = (
				775243B32AF4FD52008F8C43 /* PlayerModel.swift */,
				775C0F0E2AF8EB160069701A /* CategoryModel.swift */,
			);
			path = Model;
			sourceTree = "<group>";
		};
		771EE5832AF254E6005E8003 /* Extension */ = {
			isa = PBXGroup;
			children = (
				775243B12AF4FCA9008F8C43 /* Extension.swift */,
				775243B52AF4FD86008F8C43 /* CodableBundleExtension.swift */,
			);
			path = Extension;
			sourceTree = "<group>";
		};
		771EE5842AF254F1005E8003 /* Utility */ = {
			isa = PBXGroup;
			children = (
				771EE5852AF25592005E8003 /* Constant.swift */,
			);
			path = Utility;
			sourceTree = "<group>";
		};
		775243B92AF5014A008F8C43 /* NewData */ = {
			isa = PBXGroup;
			children = (
				775243BD2AF50159008F8C43 /* brand.json */,
				775243BA2AF50159008F8C43 /* category.json */,
				775243BB2AF50159008F8C43 /* player.json */,
				775243BC2AF50159008F8C43 /* product.json */,
			);
			path = NewData;
			sourceTree = "<group>";
		};
/* End PBXGroup section */

/* Begin PBXNativeTarget section */
		771EE5682AF2533A005E8003 /* Touchdown */ = {
			isa = PBXNativeTarget;
			buildConfigurationList = 771EE5782AF2533B005E8003 /* Build configuration list for PBXNativeTarget "Touchdown" */;
			buildPhases = (
				771EE5652AF2533A005E8003 /* Sources */,
				771EE5662AF2533A005E8003 /* Frameworks */,
				771EE5672AF2533A005E8003 /* Resources */,
			);
			buildRules = (
			);
			dependencies = (
			);
			name = Touchdown;
			productName = Touchdown;
			productReference = 771EE5692AF2533A005E8003 /* Touchdown.app */;
			productType = "com.apple.product-type.application";
		};
/* End PBXNativeTarget section */

/* Begin PBXProject section */
		771EE5612AF2533A005E8003 /* Project object */ = {
			isa = PBXProject;
			attributes = {
				BuildIndependentTargetsInParallel = 1;
				LastSwiftUpdateCheck = 1430;
				LastUpgradeCheck = 1430;
				TargetAttributes = {
					771EE5682AF2533A005E8003 = {
						CreatedOnToolsVersion = 14.3.1;
					};
				};
			};
			buildConfigurationList = 771EE5642AF2533A005E8003 /* Build configuration list for PBXProject "Touchdown" */;
			compatibilityVersion = "Xcode 14.0";
			developmentRegion = en;
			hasScannedForEncodings = 0;
			knownRegions = (
				en,
				Base,
			);
			mainGroup = 771EE5602AF2533A005E8003;
			productRefGroup = 771EE56A2AF2533A005E8003 /* Products */;
			projectDirPath = "";
			projectRoot = "";
			targets = (
				771EE5682AF2533A005E8003 /* Touchdown */,
			);
		};
/* End PBXProject section */

/* Begin PBXResourcesBuildPhase section */
		771EE5672AF2533A005E8003 /* Resources */ = {
			isa = PBXResourcesBuildPhase;
			buildActionMask = 2147483647;
			files = (
				775243BF2AF50159008F8C43 /* player.json in Resources */,
				771EE5742AF2533B005E8003 /* Preview Assets.xcassets in Resources */,
				775243C12AF50159008F8C43 /* brand.json in Resources */,
				771EE5712AF2533B005E8003 /* Assets.xcassets in Resources */,
				775243BE2AF50159008F8C43 /* category.json in Resources */,
				775243C02AF50159008F8C43 /* product.json in Resources */,
			);
			runOnlyForDeploymentPostprocessing = 0;
		};
/* End PBXResourcesBuildPhase section */

/* Begin PBXSourcesBuildPhase section */
		771EE5652AF2533A005E8003 /* Sources */ = {
			isa = PBXSourcesBuildPhase;
			buildActionMask = 2147483647;
			files = (
				775C0F132AF8F1780069701A /* CategoryGridView.swift in Sources */,
				771EE56F2AF2533A005E8003 /* MainScreen.swift in Sources */,
				775C0F0F2AF8EB160069701A /* CategoryModel.swift in Sources */,
				771EE58C2AF25BC3005E8003 /* LogoView.swift in Sources */,
				775C0F152AF8F39B0069701A /* SectionItemView.swift in Sources */,
				775243B42AF4FD52008F8C43 /* PlayerModel.swift in Sources */,
				775243B22AF4FCA9008F8C43 /* Extension.swift in Sources */,
				771EE5882AF256AA005E8003 /* FooterView.swift in Sources */,
				771EE56D2AF2533A005E8003 /* TouchdownApp.swift in Sources */,
				775243C32AF501E1008F8C43 /* FeaturedTabView.swift in Sources */,
				771EE5862AF25592005E8003 /* Constant.swift in Sources */,
				775243B82AF4FFEA008F8C43 /* FeaturedItemView.swift in Sources */,
				775C0F112AF8EE290069701A /* CategoryItemView.swift in Sources */,
				771EE58A2AF25A8B005E8003 /* NavigationBarView.swift in Sources */,
				775243B62AF4FD86008F8C43 /* CodableBundleExtension.swift in Sources */,
			);
			runOnlyForDeploymentPostprocessing = 0;
		};
/* End PBXSourcesBuildPhase section */

/* Begin XCBuildConfiguration section */
		771EE5762AF2533B005E8003 /* Debug */ = {
			isa = XCBuildConfiguration;
			buildSettings = {
				ALWAYS_SEARCH_USER_PATHS = NO;
				CLANG_ANALYZER_NONNULL = YES;
				CLANG_ANALYZER_NUMBER_OBJECT_CONVERSION = YES_AGGRESSIVE;
				CLANG_CXX_LANGUAGE_STANDARD = "gnu++20";
				CLANG_ENABLE_MODULES = YES;
				CLANG_ENABLE_OBJC_ARC = YES;
				CLANG_ENABLE_OBJC_WEAK = YES;
				CLANG_WARN_BLOCK_CAPTURE_AUTORELEASING = YES;
				CLANG_WARN_BOOL_CONVERSION = YES;
				CLANG_WARN_COMMA = YES;
				CLANG_WARN_CONSTANT_CONVERSION = YES;
				CLANG_WARN_DEPRECATED_OBJC_IMPLEMENTATIONS = YES;
				CLANG_WARN_DIRECT_OBJC_ISA_USAGE = YES_ERROR;
				CLANG_WARN_DOCUMENTATION_COMMENTS = YES;
				CLANG_WARN_EMPTY_BODY = YES;
				CLANG_WARN_ENUM_CONVERSION = YES;
				CLANG_WARN_INFINITE_RECURSION = YES;
				CLANG_WARN_INT_CONVERSION = YES;
				CLANG_WARN_NON_LITERAL_NULL_CONVERSION = YES;
				CLANG_WARN_OBJC_IMPLICIT_RETAIN_SELF = YES;
				CLANG_WARN_OBJC_LITERAL_CONVERSION = YES;
				CLANG_WARN_OBJC_ROOT_CLASS = YES_ERROR;
				CLANG_WARN_QUOTED_INCLUDE_IN_FRAMEWORK_HEADER = YES;
				CLANG_WARN_RANGE_LOOP_ANALYSIS = YES;
				CLANG_WARN_STRICT_PROTOTYPES = YES;
				CLANG_WARN_SUSPICIOUS_MOVE = YES;
				CLANG_WARN_UNGUARDED_AVAILABILITY = YES_AGGRESSIVE;
				CLANG_WARN_UNREACHABLE_CODE = YES;
				CLANG_WARN__DUPLICATE_METHOD_MATCH = YES;
				COPY_PHASE_STRIP = NO;
				DEBUG_INFORMATION_FORMAT = dwarf;
				ENABLE_STRICT_OBJC_MSGSEND = YES;
				ENABLE_TESTABILITY = YES;
				GCC_C_LANGUAGE_STANDARD = gnu11;
				GCC_DYNAMIC_NO_PIC = NO;
				GCC_NO_COMMON_BLOCKS = YES;
				GCC_OPTIMIZATION_LEVEL = 0;
				GCC_PREPROCESSOR_DEFINITIONS = (
					"DEBUG=1",
					"$(inherited)",
				);
				GCC_WARN_64_TO_32_BIT_CONVERSION = YES;
				GCC_WARN_ABOUT_RETURN_TYPE = YES_ERROR;
				GCC_WARN_UNDECLARED_SELECTOR = YES;
				GCC_WARN_UNINITIALIZED_AUTOS = YES_AGGRESSIVE;
				GCC_WARN_UNUSED_FUNCTION = YES;
				GCC_WARN_UNUSED_VARIABLE = YES;
				MACOSX_DEPLOYMENT_TARGET = 13.2;
				MTL_ENABLE_DEBUG_INFO = INCLUDE_SOURCE;
				MTL_FAST_MATH = YES;
				ONLY_ACTIVE_ARCH = YES;
				SDKROOT = macosx;
				SWIFT_ACTIVE_COMPILATION_CONDITIONS = DEBUG;
				SWIFT_OPTIMIZATION_LEVEL = "-Onone";
			};
			name = Debug;
		};
		771EE5772AF2533B005E8003 /* Release */ = {
			isa = XCBuildConfiguration;
			buildSettings = {
				ALWAYS_SEARCH_USER_PATHS = NO;
				CLANG_ANALYZER_NONNULL = YES;
				CLANG_ANALYZER_NUMBER_OBJECT_CONVERSION = YES_AGGRESSIVE;
				CLANG_CXX_LANGUAGE_STANDARD = "gnu++20";
				CLANG_ENABLE_MODULES = YES;
				CLANG_ENABLE_OBJC_ARC = YES;
				CLANG_ENABLE_OBJC_WEAK = YES;
				CLANG_WARN_BLOCK_CAPTURE_AUTORELEASING = YES;
				CLANG_WARN_BOOL_CONVERSION = YES;
				CLANG_WARN_COMMA = YES;
				CLANG_WARN_CONSTANT_CONVERSION = YES;
				CLANG_WARN_DEPRECATED_OBJC_IMPLEMENTATIONS = YES;
				CLANG_WARN_DIRECT_OBJC_ISA_USAGE = YES_ERROR;
				CLANG_WARN_DOCUMENTATION_COMMENTS = YES;
				CLANG_WARN_EMPTY_BODY = YES;
				CLANG_WARN_ENUM_CONVERSION = YES;
				CLANG_WARN_INFINITE_RECURSION = YES;
				CLANG_WARN_INT_CONVERSION = YES;
				CLANG_WARN_NON_LITERAL_NULL_CONVERSION = YES;
				CLANG_WARN_OBJC_IMPLICIT_RETAIN_SELF = YES;
				CLANG_WARN_OBJC_LITERAL_CONVERSION = YES;
				CLANG_WARN_OBJC_ROOT_CLASS = YES_ERROR;
				CLANG_WARN_QUOTED_INCLUDE_IN_FRAMEWORK_HEADER = YES;
				CLANG_WARN_RANGE_LOOP_ANALYSIS = YES;
				CLANG_WARN_STRICT_PROTOTYPES = YES;
				CLANG_WARN_SUSPICIOUS_MOVE = YES;
				CLANG_WARN_UNGUARDED_AVAILABILITY = YES_AGGRESSIVE;
				CLANG_WARN_UNREACHABLE_CODE = YES;
				CLANG_WARN__DUPLICATE_METHOD_MATCH = YES;
				COPY_PHASE_STRIP = NO;
				DEBUG_INFORMATION_FORMAT = "dwarf-with-dsym";
				ENABLE_NS_ASSERTIONS = NO;
				ENABLE_STRICT_OBJC_MSGSEND = YES;
				GCC_C_LANGUAGE_STANDARD = gnu11;
				GCC_NO_COMMON_BLOCKS = YES;
				GCC_WARN_64_TO_32_BIT_CONVERSION = YES;
				GCC_WARN_ABOUT_RETURN_TYPE = YES_ERROR;
				GCC_WARN_UNDECLARED_SELECTOR = YES;
				GCC_WARN_UNINITIALIZED_AUTOS = YES_AGGRESSIVE;
				GCC_WARN_UNUSED_FUNCTION = YES;
				GCC_WARN_UNUSED_VARIABLE = YES;
				MACOSX_DEPLOYMENT_TARGET = 13.2;
				MTL_ENABLE_DEBUG_INFO = NO;
				MTL_FAST_MATH = YES;
				SDKROOT = macosx;
				SWIFT_COMPILATION_MODE = wholemodule;
				SWIFT_OPTIMIZATION_LEVEL = "-O";
			};
			name = Release;
		};
		771EE5792AF2533B005E8003 /* Debug */ = {
			isa = XCBuildConfiguration;
			buildSettings = {
				ASSETCATALOG_COMPILER_APPICON_NAME = AppIcon;
				ASSETCATALOG_COMPILER_GLOBAL_ACCENT_COLOR_NAME = AccentColor;
				CODE_SIGN_ENTITLEMENTS = Touchdown/Touchdown.entitlements;
				CODE_SIGN_STYLE = Automatic;
				COMBINE_HIDPI_IMAGES = YES;
				CURRENT_PROJECT_VERSION = 1;
				DEVELOPMENT_ASSET_PATHS = "\"Touchdown/Preview Content\"";
				DEVELOPMENT_TEAM = CAQ3L59HTS;
				ENABLE_HARDENED_RUNTIME = YES;
				ENABLE_PREVIEWS = YES;
				GENERATE_INFOPLIST_FILE = YES;
				INFOPLIST_FILE = Touchdown/Info.plist;
				INFOPLIST_KEY_NSHumanReadableCopyright = "";
				INFOPLIST_KEY_UISupportedInterfaceOrientations = UIInterfaceOrientationPortrait;
				INFOPLIST_KEY_UIUserInterfaceStyle = Light;
				IPHONEOS_DEPLOYMENT_TARGET = 15.5;
				LD_RUNPATH_SEARCH_PATHS = (
					"$(inherited)",
					"@executable_path/../Frameworks",
				);
				MARKETING_VERSION = 1.0;
				PRODUCT_BUNDLE_IDENTIFIER = com.dinhonms.Touchdown;
				PRODUCT_NAME = "$(TARGET_NAME)";
				SUPPORTED_PLATFORMS = "iphoneos iphonesimulator";
				SUPPORTS_MACCATALYST = NO;
				SUPPORTS_MAC_DESIGNED_FOR_IPHONE_IPAD = NO;
				SWIFT_EMIT_LOC_STRINGS = YES;
				SWIFT_VERSION = 5.0;
				TARGETED_DEVICE_FAMILY = "1,2";
			};
			name = Debug;
		};
		771EE57A2AF2533B005E8003 /* Release */ = {
			isa = XCBuildConfiguration;
			buildSettings = {
				ASSETCATALOG_COMPILER_APPICON_NAME = AppIcon;
				ASSETCATALOG_COMPILER_GLOBAL_ACCENT_COLOR_NAME = AccentColor;
				CODE_SIGN_ENTITLEMENTS = Touchdown/Touchdown.entitlements;
				CODE_SIGN_STYLE = Automatic;
				COMBINE_HIDPI_IMAGES = YES;
				CURRENT_PROJECT_VERSION = 1;
				DEVELOPMENT_ASSET_PATHS = "\"Touchdown/Preview Content\"";
				DEVELOPMENT_TEAM = CAQ3L59HTS;
				ENABLE_HARDENED_RUNTIME = YES;
				ENABLE_PREVIEWS = YES;
				GENERATE_INFOPLIST_FILE = YES;
				INFOPLIST_FILE = Touchdown/Info.plist;
				INFOPLIST_KEY_NSHumanReadableCopyright = "";
				INFOPLIST_KEY_UISupportedInterfaceOrientations = UIInterfaceOrientationPortrait;
				INFOPLIST_KEY_UIUserInterfaceStyle = Light;
				IPHONEOS_DEPLOYMENT_TARGET = 15.5;
				LD_RUNPATH_SEARCH_PATHS = (
					"$(inherited)",
					"@executable_path/../Frameworks",
				);
				MARKETING_VERSION = 1.0;
				PRODUCT_BUNDLE_IDENTIFIER = com.dinhonms.Touchdown;
				PRODUCT_NAME = "$(TARGET_NAME)";
				SUPPORTED_PLATFORMS = "iphoneos iphonesimulator";
				SUPPORTS_MACCATALYST = NO;
				SUPPORTS_MAC_DESIGNED_FOR_IPHONE_IPAD = NO;
				SWIFT_EMIT_LOC_STRINGS = YES;
				SWIFT_VERSION = 5.0;
				TARGETED_DEVICE_FAMILY = "1,2";
			};
			name = Release;
		};
/* End XCBuildConfiguration section */

/* Begin XCConfigurationList section */
		771EE5642AF2533A005E8003 /* Build configuration list for PBXProject "Touchdown" */ = {
			isa = XCConfigurationList;
			buildConfigurations = (
				771EE5762AF2533B005E8003 /* Debug */,
				771EE5772AF2533B005E8003 /* Release */,
			);
			defaultConfigurationIsVisible = 0;
			defaultConfigurationName = Release;
		};
		771EE5782AF2533B005E8003 /* Build configuration list for PBXNativeTarget "Touchdown" */ = {
			isa = XCConfigurationList;
			buildConfigurations = (
				771EE5792AF2533B005E8003 /* Debug */,
				771EE57A2AF2533B005E8003 /* Release */,
			);
			defaultConfigurationIsVisible = 0;
			defaultConfigurationName = Release;
		};
/* End XCConfigurationList section */
	};
	rootObject = 771EE5612AF2533A005E8003 /* Project object */;
}
